PODS:
  - Flutter (1.0.0)
  - protocol_handler_ios (0.0.1):
    - Flutter

DEPENDENCIES:
  - Flutter (from `Flutter`)
  - protocol_handler_ios (from `.symlinks/plugins/protocol_handler_ios/ios`)

EXTERNAL SOURCES:
  Flutter:
    :path: Flutter
  protocol_handler_ios:
    :path: ".symlinks/plugins/protocol_handler_ios/ios"

SPEC CHECKSUMS:
  Flutter: e0871f40cf51350855a761d2e70bf5af5b9b5de7
  protocol_handler_ios: a5db8abc38526ee326988b808be621e5fd568990

PODFILE CHECKSUM: c4c93c5f6502fe2754f48404d3594bf779584011

COCOAPODS: 1.14.3
